<Solution>
  <Folder Name="/src/" />
  <Folder Name="/src/core/">
    <Folder Name="/src/core/Anim/">
      <Project Path="src/core/WowViewer.Core.Anim/WowViewer.Core.Anim.csproj" />
    </Folder>
    <Project Path="src/core/WowViewer.Core.IO/WowViewer.Core.IO.csproj" />
    <Project Path="src/core/WowViewer.Core.Curation/WowViewer.Core.Curation.csproj" />
    <Project Path="src/core/WowViewer.Core.PM4/WowViewer.Core.PM4.csproj" />
    <Project Path="src/core/WowViewer.Core.Runtime/WowViewer.Core.Runtime.csproj" />
    <Project Path="src/core/WowViewer.Core/WowViewer.Core.csproj" />
    <Project Path="src/core/WowViewer.Core.Renderer/WowViewer.Core.Renderer.csproj" />
  </Folder>
  <Folder Name="/src/tools-shared/">
    <Project Path="src/tools-shared/WowViewer.Tools.Shared/WowViewer.Tools.Shared.csproj" />
  </Folder>
  <Folder Name="/src/viewer/">
    
    <Project Path="src/viewer/WoWViewer/WoWViewer.csproj" />
  </Folder>
  <Folder Name="/tests/">
    <Folder Name="/tests/anim/">
      <Project Path="tests/WowViewer.Core.Anim.Tests/WowViewer.Core.Anim.Tests.csproj" />
    </Folder>
    <Project Path="tests/WowViewer.Core.Tests/WowViewer.Core.Tests.csproj" />
    <Project Path="tests/WowViewer.Core.Curation.Tests/WowViewer.Core.Curation.Tests.csproj" />
    <Project Path="tests/WowViewer.Core.PM4.Tests/WowViewer.Core.PM4.Tests.csproj" />
  </Folder>
  <Folder Name="/tools/" />
  <Folder Name="/tools/animfarm/" />
  <Folder Name="/tools/converter/">
    <Project Path="tools/converter/WowViewer.Tool.Converter/WowViewer.Tool.Converter.csproj" />
  </Folder>
  <Folder Name="/tools/inspect/">
    <Project Path="tools/inspect/WowViewer.Tool.Inspect/WowViewer.Tool.Inspect.csproj" />
  </Folder>
  <Folder Name="/tools/harvest/">
    <Project Path="tools/harvest/WowViewer.Tool.Harvest/WowViewer.Tool.Harvest.csproj" />
  </Folder>
  <Folder Name="/tools/validation-capture/">
    <Project Path="tools/validation-capture/WowViewer.Tool.ValidationCapture/WowViewer.Tool.ValidationCapture.csproj" />
  </Folder>
<Folder Name="/tools/capture/">
    <Project Path="tools/capture/WowViewer.Tool.Capture/WowViewer.Tool.Capture.csproj" />
  </Folder>
  <Folder Name="/tools/mask-validate/">
    <Project Path="tools/mask-validate/WowViewer.Tool.MaskValidate/WowViewer.Tool.MaskValidate.csproj" />
  </Folder>
  <Folder Name="/tools/wdl-read/">
    <Project Path="tools/wdl-read/WowViewer.Tool.WdlRead/WowViewer.Tool.WdlRead.csproj" />
  </Folder>
</Solution>
