Microsoft Visual Studio Solution File, Format Version 12.00
# Visual Studio Version 17
VisualStudioVersion = 17.0.31903.59
MinimumVisualStudioVersion = 10.0.40219.1
Project("{FAE04EC0-301F-11D3-BF4B-00C04F79EFBC}") = "WoWToolbox.Core", "WoWToolbox.Core\WoWToolbox.Core.csproj", "{EF382184-075B-4FFA-AB89-85F64D548D8A}"
EndProject
Project("{FAE04EC0-301F-11D3-BF4B-00C04F79EFBC}") = "WoWToolbox.Tests", "..\test\WoWToolbox.Tests\WoWToolbox.Tests.csproj", "{F631222D-81C8-4EF9-A8FF-95A43143E8BF}"
EndProject
Project("{FAE04EC0-301F-11D3-BF4B-00C04F79EFBC}") = "WoWToolbox.AnalysisTool", "WoWToolbox.AnalysisTool\WoWToolbox.AnalysisTool.csproj", "{EC298627-39AE-4F7E-AA5C-D9A0489E78AA}"
EndProject
Project("{FAE04EC0-301F-11D3-BF4B-00C04F79EFBC}") = "WoWToolbox.MPRRExplorer", "WoWToolbox.MPRRExplorer\WoWToolbox.MPRRExplorer.csproj", "{8C6559D7-8E08-45A1-90AE-29FA9ED8A057}"
EndProject
Project("{FAE04EC0-301F-11D3-BF4B-00C04F79EFBC}") = "WoWToolbox.Common", "WoWToolbox.Common\WoWToolbox.Common.csproj", "{NEW-GUID-COMMON}"
EndProject
Project("{FAE04EC0-301F-11D3-BF4B-00C04F79EFBC}") = "WoWToolbox.MSCNExplorer", "WoWToolbox.MSCNExplorer\WoWToolbox.MSCNExplorer.csproj", "{NEW-GUID-MSCN}"
EndProject
Global
	GlobalSection(SolutionConfigurationPlatforms) = preSolution
		Debug|Any CPU = Debug|Any CPU
		Debug|x64 = Debug|x64
		Debug|x86 = Debug|x86
		Release|Any CPU = Release|Any CPU
		Release|x64 = Release|x64
		Release|x86 = Release|x86
	EndGlobalSection
	GlobalSection(ProjectConfigurationPlatforms) = postSolution
		{EF382184-075B-4FFA-AB89-85F64D548D8A}.Debug|Any CPU.ActiveCfg = Debug|Any CPU
		{EF382184-075B-4FFA-AB89-85F64D548D8A}.Debug|Any CPU.Build.0 = Debug|Any CPU
		{EF382184-075B-4FFA-AB89-85F64D548D8A}.Debug|x64.ActiveCfg = Debug|Any CPU
		{EF382184-075B-4FFA-AB89-85F64D548D8A}.Debug|x64.Build.0 = Debug|Any CPU
		{EF382184-075B-4FFA-AB89-85F64D548D8A}.Debug|x86.ActiveCfg = Debug|Any CPU
		{EF382184-075B-4FFA-AB89-85F64D548D8A}.Debug|x86.Build.0 = Debug|Any CPU
		{EF382184-075B-4FFA-AB89-85F64D548D8A}.Release|Any CPU.ActiveCfg = Release|Any CPU
		{EF382184-075B-4FFA-AB89-85F64D548D8A}.Release|Any CPU.Build.0 = Release|Any CPU
		{EF382184-075B-4FFA-AB89-85F64D548D8A}.Release|x64.ActiveCfg = Release|Any CPU
		{EF382184-075B-4FFA-AB89-85F64D548D8A}.Release|x64.Build.0 = Release|Any CPU
		{EF382184-075B-4FFA-AB89-85F64D548D8A}.Release|x86.ActiveCfg = Release|Any CPU
		{EF382184-075B-4FFA-AB89-85F64D548D8A}.Release|x86.Build.0 = Release|Any CPU
		{F631222D-81C8-4EF9-A8FF-95A43143E8BF}.Debug|Any CPU.ActiveCfg = Debug|Any CPU
		{F631222D-81C8-4EF9-A8FF-95A43143E8BF}.Debug|Any CPU.Build.0 = Debug|Any CPU
		{F631222D-81C8-4EF9-A8FF-95A43143E8BF}.Debug|x64.ActiveCfg = Debug|Any CPU
		{F631222D-81C8-4EF9-A8FF-95A43143E8BF}.Debug|x64.Build.0 = Debug|Any CPU
		{F631222D-81C8-4EF9-A8FF-95A43143E8BF}.Debug|x86.ActiveCfg = Debug|Any CPU
		{F631222D-81C8-4EF9-A8FF-95A43143E8BF}.Debug|x86.Build.0 = Debug|Any CPU
		{F631222D-81C8-4EF9-A8FF-95A43143E8BF}.Release|Any CPU.ActiveCfg = Release|Any CPU
		{F631222D-81C8-4EF9-A8FF-95A43143E8BF}.Release|Any CPU.Build.0 = Release|Any CPU
		{F631222D-81C8-4EF9-A8FF-95A43143E8BF}.Release|x64.ActiveCfg = Release|Any CPU
		{F631222D-81C8-4EF9-A8FF-95A43143E8BF}.Release|x64.Build.0 = Release|Any CPU
		{F631222D-81C8-4EF9-A8FF-95A43143E8BF}.Release|x86.ActiveCfg = Release|Any CPU
		{F631222D-81C8-4EF9-A8FF-95A43143E8BF}.Release|x86.Build.0 = Release|Any CPU
		{EC298627-39AE-4F7E-AA5C-D9A0489E78AA}.Debug|Any CPU.ActiveCfg = Debug|Any CPU
		{EC298627-39AE-4F7E-AA5C-D9A0489E78AA}.Debug|Any CPU.Build.0 = Debug|Any CPU
		{EC298627-39AE-4F7E-AA5C-D9A0489E78AA}.Debug|x64.ActiveCfg = Debug|Any CPU
		{EC298627-39AE-4F7E-AA5C-D9A0489E78AA}.Debug|x64.Build.0 = Debug|Any CPU
		{EC298627-39AE-4F7E-AA5C-D9A0489E78AA}.Debug|x86.ActiveCfg = Debug|Any CPU
		{EC298627-39AE-4F7E-AA5C-D9A0489E78AA}.Debug|x86.Build.0 = Debug|Any CPU
		{EC298627-39AE-4F7E-AA5C-D9A0489E78AA}.Release|Any CPU.ActiveCfg = Release|Any CPU
		{EC298627-39AE-4F7E-AA5C-D9A0489E78AA}.Release|Any CPU.Build.0 = Release|Any CPU
		{EC298627-39AE-4F7E-AA5C-D9A0489E78AA}.Release|x64.ActiveCfg = Release|Any CPU
		{EC298627-39AE-4F7E-AA5C-D9A0489E78AA}.Release|x64.Build.0 = Release|Any CPU
		{EC298627-39AE-4F7E-AA5C-D9A0489E78AA}.Release|x86.ActiveCfg = Release|Any CPU
		{EC298627-39AE-4F7E-AA5C-D9A0489E78AA}.Release|x86.Build.0 = Release|Any CPU
		{8C6559D7-8E08-45A1-90AE-29FA9ED8A057}.Debug|Any CPU.ActiveCfg = Debug|Any CPU
		{8C6559D7-8E08-45A1-90AE-29FA9ED8A057}.Debug|Any CPU.Build.0 = Debug|Any CPU
		{8C6559D7-8E08-45A1-90AE-29FA9ED8A057}.Debug|x64.ActiveCfg = Debug|Any CPU
		{8C6559D7-8E08-45A1-90AE-29FA9ED8A057}.Debug|x64.Build.0 = Debug|Any CPU
		{8C6559D7-8E08-45A1-90AE-29FA9ED8A057}.Debug|x86.ActiveCfg = Debug|Any CPU
		{8C6559D7-8E08-45A1-90AE-29FA9ED8A057}.Debug|x86.Build.0 = Debug|Any CPU
		{8C6559D7-8E08-45A1-90AE-29FA9ED8A057}.Release|Any CPU.ActiveCfg = Release|Any CPU
		{8C6559D7-8E08-45A1-90AE-29FA9ED8A057}.Release|Any CPU.Build.0 = Release|Any CPU
		{8C6559D7-8E08-45A1-90AE-29FA9ED8A057}.Release|x64.ActiveCfg = Release|Any CPU
		{8C6559D7-8E08-45A1-90AE-29FA9ED8A057}.Release|x64.Build.0 = Release|Any CPU
		{8C6559D7-8E08-45A1-90AE-29FA9ED8A057}.Release|x86.ActiveCfg = Release|Any CPU
		{8C6559D7-8E08-45A1-90AE-29FA9ED8A057}.Release|x86.Build.0 = Release|Any CPU
		{NEW-GUID-COMMON}.Debug|Any CPU.ActiveCfg = Debug|Any CPU
		{NEW-GUID-COMMON}.Debug|Any CPU.Build.0 = Debug|Any CPU
		{NEW-GUID-COMMON}.Debug|x64.ActiveCfg = Debug|Any CPU
		{NEW-GUID-COMMON}.Debug|x64.Build.0 = Debug|Any CPU
		{NEW-GUID-COMMON}.Debug|x86.ActiveCfg = Debug|Any CPU
		{NEW-GUID-COMMON}.Debug|x86.Build.0 = Debug|Any CPU
		{NEW-GUID-COMMON}.Release|Any CPU.ActiveCfg = Release|Any CPU
		{NEW-GUID-COMMON}.Release|Any CPU.Build.0 = Release|Any CPU
		{NEW-GUID-COMMON}.Release|x64.ActiveCfg = Release|Any CPU
		{NEW-GUID-COMMON}.Release|x64.Build.0 = Release|Any CPU
		{NEW-GUID-COMMON}.Release|x86.ActiveCfg = Release|Any CPU
		{NEW-GUID-COMMON}.Release|x86.Build.0 = Release|Any CPU
		{NEW-GUID-MSCN}.Debug|Any CPU.ActiveCfg = Debug|Any CPU
		{NEW-GUID-MSCN}.Debug|Any CPU.Build.0 = Debug|Any CPU
		{NEW-GUID-MSCN}.Debug|x64.ActiveCfg = Debug|Any CPU
		{NEW-GUID-MSCN}.Debug|x64.Build.0 = Debug|Any CPU
		{NEW-GUID-MSCN}.Debug|x86.ActiveCfg = Debug|Any CPU
		{NEW-GUID-MSCN}.Debug|x86.Build.0 = Debug|Any CPU
		{NEW-GUID-MSCN}.Release|Any CPU.ActiveCfg = Release|Any CPU
		{NEW-GUID-MSCN}.Release|Any CPU.Build.0 = Release|Any CPU
		{NEW-GUID-MSCN}.Release|x64.ActiveCfg = Release|Any CPU
		{NEW-GUID-MSCN}.Release|x64.Build.0 = Release|Any CPU
		{NEW-GUID-MSCN}.Release|x86.ActiveCfg = Release|Any CPU
		{NEW-GUID-MSCN}.Release|x86.Build.0 = Release|Any CPU
	EndGlobalSection
	GlobalSection(SolutionProperties) = preSolution
		HideSolutionNode = FALSE
	EndGlobalSection
EndGlobal
